// !$*UTF8*$!
{
	archiveVersion = 1;
	classes = {
	};
	objectVersion = 50;
	objects = {

/* Begin PBXBuildFile section */
		83C7DFE12140832500B17BA0 /* AppDelegate.swift in Sources */ = {isa = PBXBuildFile; fileRef = 83C7DFE02140832500B17BA0 /* AppDelegate.swift */; };
		83C7DFE32140832500B17BA0 /* ToDoListViewController.swift in Sources */ = {isa = PBXBuildFile; fileRef = 83C7DFE22140832500B17BA0 /* ToDoListViewController.swift */; };
		83C7DFE62140832500B17BA0 /* Main.storyboard in Resources */ = {isa = PBXBuildFile; fileRef = 83C7DFE42140832500B17BA0 /* Main.storyboard */; };
		83C7DFE82140832600B17BA0 /* Assets.xcassets in Resources */ = {isa = PBXBuildFile; fileRef = 83C7DFE72140832600B17BA0 /* Assets.xcassets */; };
		83C7DFEB2140832600B17BA0 /* LaunchScreen.storyboard in Resources */ = {isa = PBXBuildFile; fileRef = 83C7DFE92140832600B17BA0 /* LaunchScreen.storyboard */; };
		83F9CDE421448202004C619C /* ToDoListItem.swift in Sources */ = {isa = PBXBuildFile; fileRef = 83F9CDE2214481B5004C619C /* ToDoListItem.swift */; };
/* End PBXBuildFile section */

/* Begin PBXFileReference section */
		83C7DFDD2140832500B17BA0 /* DoMe.app */ = {isa = PBXFileReference; explicitFileType = wrapper.application; includeInIndex = 0; path = DoMe.app; sourceTree = BUILT_PRODUCTS_DIR; };
		83C7DFE02140832500B17BA0 /* AppDelegate.swift */ = {isa = PBXFileReference; lastKnownFileType = sourcecode.swift; path = AppDelegate.swift; sourceTree = "<group>"; };
		83C7DFE22140832500B17BA0 /* ToDoListViewController.swift */ = {isa = PBXFileReference; lastKnownFileType = sourcecode.swift; path = ToDoListViewController.swift; sourceTree = "<group>"; };
		83C7DFE52140832500B17BA0 /* Base */ = {isa = PBXFileReference; lastKnownFileType = file.storyboard; name = Base; path = Base.lproj/Main.storyboard; sourceTree = "<group>"; };
		83C7DFE72140832600B17BA0 /* Assets.xcassets */ = {isa = PBXFileReference; lastKnownFileType = folder.assetcatalog; path = Assets.xcassets; sourceTree = "<group>"; };
		83C7DFEA2140832600B17BA0 /* Base */ = {isa = PBXFileReference; lastKnownFileType = file.storyboard; name = Base; path = Base.lproj/LaunchScreen.storyboard; sourceTree = "<group>"; };
		83C7DFEC2140832600B17BA0 /* Info.plist */ = {isa = PBXFileReference; lastKnownFileType = text.plist.xml; path = Info.plist; sourceTree = "<group>"; };
		83F9CDE2214481B5004C619C /* ToDoListItem.swift */ = {isa = PBXFileReference; lastKnownFileType = sourcecode.swift; path = ToDoListItem.swift; sourceTree = "<group>"; };
/* End PBXFileReference section */

/* Begin PBXFrameworksBuildPhase section */
		83C7DFDA2140832500B17BA0 /* Frameworks */ = {
			isa = PBXFrameworksBuildPhase;
			buildActionMask = 2147483647;
			files = (
			);
			runOnlyForDeploymentPostprocessing = 0;
		};
/* End PBXFrameworksBuildPhase section */

/* Begin PBXGroup section */
		83C7DFD42140832500B17BA0 = {
			isa = PBXGroup;
			children = (
				83C7DFDF2140832500B17BA0 /* DoMe */,
				83C7DFDE2140832500B17BA0 /* Products */,
			);
			sourceTree = "<group>";
		};
		83C7DFDE2140832500B17BA0 /* Products */ = {
			isa = PBXGroup;
			children = (
				83C7DFDD2140832500B17BA0 /* DoMe.app */,
			);
			name = Products;
			sourceTree = "<group>";
		};
		83C7DFDF2140832500B17BA0 /* DoMe */ = {
			isa = PBXGroup;
			children = (
				83C7DFE02140832500B17BA0 /* AppDelegate.swift */,
				83F9CDDE21447FD4004C619C /* Controller */,
				83F9CDE121448025004C619C /* View */,
				83F9CDE02144801C004C619C /* Supporting Files */,
				83F9CDDF21447FEC004C619C /* Data Model */,
				83C7DFEC2140832600B17BA0 /* Info.plist */,
			);
			path = DoMe;
			sourceTree = "<group>";
		};
		83F9CDDE21447FD4004C619C /* Controller */ = {
			isa = PBXGroup;
			children = (
				83C7DFE22140832500B17BA0 /* ToDoListViewController.swift */,
			);
			path = Controller;
			sourceTree = "<group>";
		};
		83F9CDDF21447FEC004C619C /* Data Model */ = {
			isa = PBXGroup;
			children = (
				83F9CDE2214481B5004C619C /* ToDoListItem.swift */,
			);
			path = "Data Model";
			sourceTree = "<group>";
		};
		83F9CDE02144801C004C619C /* Supporting Files */ = {
			isa = PBXGroup;
			children = (
				83C7DFE72140832600B17BA0 /* Assets.xcassets */,
				83C7DFE92140832600B17BA0 /* LaunchScreen.storyboard */,
			);
			path = "Supporting Files";
			sourceTree = "<group>";
		};
		83F9CDE121448025004C619C /* View */ = {
			isa = PBXGroup;
			children = (
				83C7DFE42140832500B17BA0 /* Main.storyboard */,
			);
			path = View;
			sourceTree = "<group>";
		};
/* End PBXGroup section */

/* Begin PBXNativeTarget section */
		83C7DFDC2140832500B17BA0 /* DoMe */ = {
			isa = PBXNativeTarget;
			buildConfigurationList = 83C7DFEF2140832600B17BA0 /* Build configuration list for PBXNativeTarget "DoMe" */;
			buildPhases = (
				83C7DFD92140832500B17BA0 /* Sources */,
				83C7DFDA2140832500B17BA0 /* Frameworks */,
				83C7DFDB2140832500B17BA0 /* Resources */,
			);
			buildRules = (
			);
			dependencies = (
			);
			name = DoMe;
			productName = DoMe;
			productReference = 83C7DFDD2140832500B17BA0 /* DoMe.app */;
			productType = "com.apple.product-type.application";
		};
/* End PBXNativeTarget section */

/* Begin PBXProject section */
		83C7DFD52140832500B17BA0 /* Project object */ = {
			isa = PBXProject;
			attributes = {
				LastSwiftUpdateCheck = 0940;
				LastUpgradeCheck = 0940;
				ORGANIZATIONNAME = "Andy Cai";
				TargetAttributes = {
					83C7DFDC2140832500B17BA0 = {
						CreatedOnToolsVersion = 9.4.1;
					};
				};
			};
			buildConfigurationList = 83C7DFD82140832500B17BA0 /* Build configuration list for PBXProject "DoMe" */;
			compatibilityVersion = "Xcode 9.3";
			developmentRegion = en;
			hasScannedForEncodings = 0;
			knownRegions = (
				en,
				Base,
			);
			mainGroup = 83C7DFD42140832500B17BA0;
			productRefGroup = 83C7DFDE2140832500B17BA0 /* Products */;
			projectDirPath = "";
			projectRoot = "";
			targets = (
				83C7DFDC2140832500B17BA0 /* DoMe */,
			);
		};
/* End PBXProject section */

/* Begin PBXResourcesBuildPhase section */
		83C7DFDB2140832500B17BA0 /* Resources */ = {
			isa = PBXResourcesBuildPhase;
			buildActionMask = 2147483647;
			files = (
				83C7DFEB2140832600B17BA0 /* LaunchScreen.storyboard in Resources */,
				83C7DFE82140832600B17BA0 /* Assets.xcassets in Resources */,
				83C7DFE62140832500B17BA0 /* Main.storyboard in Resources */,
			);
			runOnlyForDeploymentPostprocessing = 0;
		};
/* End PBXResourcesBuildPhase section */

/* Begin PBXSourcesBuildPhase section */
		83C7DFD92140832500B17BA0 /* Sources */ = {
			isa = PBXSourcesBuildPhase;
			buildActionMask = 2147483647;
			files = (
				83C7DFE32140832500B17BA0 /* ToDoListViewController.swift in Sources */,
				83C7DFE12140832500B17BA0 /* AppDelegate.swift in Sources */,
				83F9CDE421448202004C619C /* ToDoListItem.swift in Sources */,
			);
			runOnlyForDeploymentPostprocessing = 0;
		};
/* End PBXSourcesBuildPhase section */

/* Begin PBXVariantGroup section */
		83C7DFE42140832500B17BA0 /* Main.storyboard */ = {
			isa = PBXVariantGroup;
			children = (
				83C7DFE52140832500B17BA0 /* Base */,
			);
			name = Main.storyboard;
			sourceTree = "<group>";
		};
		83C7DFE92140832600B17BA0 /* LaunchScreen.storyboard */ = {
			isa = PBXVariantGroup;
			children = (
				83C7DFEA2140832600B17BA0 /* Base */,
			);
			name = LaunchScreen.storyboard;
			sourceTree = "<group>";
		};
/* End PBXVariantGroup section */

/* Begin XCBuildConfiguration section */
		83C7DFED2140832600B17BA0 /* Debug */ = {
			isa = XCBuildConfiguration;
			buildSettings = {
				ALWAYS_SEARCH_USER_PATHS = NO;
				CLANG_ANALYZER_NONNULL = YES;
				CLANG_ANALYZER_NUMBER_OBJECT_CONVERSION = YES_AGGRESSIVE;
				CLANG_CXX_LANGUAGE_STANDARD = "gnu++14";
				CLANG_CXX_LIBRARY = "libc++";
				CLANG_ENABLE_MODULES = YES;
				CLANG_ENABLE_OBJC_ARC = YES;
				CLANG_ENABLE_OBJC_WEAK = YES;
				CLANG_WARN_BLOCK_CAPTURE_AUTORELEASING = YES;
				CLANG_WARN_BOOL_CONVERSION = YES;
				CLANG_WARN_COMMA = YES;
				CLANG_WARN_CONSTANT_CONVERSION = YES;
				CLANG_WARN_DEPRECATED_OBJC_IMPLEMENTATIONS = YES;
				CLANG_WARN_DIRECT_OBJC_ISA_USAGE = YES_ERROR;
				CLANG_WARN_DOCUMENTATION_COMMENTS = YES;
				CLANG_WARN_EMPTY_BODY = YES;
				CLANG_WARN_ENUM_CONVERSION = YES;
				CLANG_WARN_INFINITE_RECURSION = YES;
				CLANG_WARN_INT_CONVERSION = YES;
				CLANG_WARN_NON_LITERAL_NULL_CONVERSION = YES;
				CLANG_WARN_OBJC_IMPLICIT_RETAIN_SELF = YES;
				CLANG_WARN_OBJC_LITERAL_CONVERSION = YES;
				CLANG_WARN_OBJC_ROOT_CLASS = YES_ERROR;
				CLANG_WARN_RANGE_LOOP_ANALYSIS = YES;
				CLANG_WARN_STRICT_PROTOTYPES = YES;
				CLANG_WARN_SUSPICIOUS_MOVE = YES;
				CLANG_WARN_UNGUARDED_AVAILABILITY = YES_AGGRESSIVE;
				CLANG_WARN_UNREACHABLE_CODE = YES;
				CLANG_WARN__DUPLICATE_METHOD_MATCH = YES;
				CODE_SIGN_IDENTITY = "iPhone Developer";
				COPY_PHASE_STRIP = NO;
				DEBUG_INFORMATION_FORMAT = dwarf;
				ENABLE_STRICT_OBJC_MSGSEND = YES;
				ENABLE_TESTABILITY = YES;
				GCC_C_LANGUAGE_STANDARD = gnu11;
				GCC_DYNAMIC_NO_PIC = NO;
				GCC_NO_COMMON_BLOCKS = YES;
				GCC_OPTIMIZATION_LEVEL = 0;
				GCC_PREPROCESSOR_DEFINITIONS = (
					"DEBUG=1",
					"$(inherited)",
				);
				GCC_WARN_64_TO_32_BIT_CONVERSION = YES;
				GCC_WARN_ABOUT_RETURN_TYPE = YES_ERROR;
				GCC_WARN_UNDECLARED_SELECTOR = YES;
				GCC_WARN_UNINITIALIZED_AUTOS = YES_AGGRESSIVE;
				GCC_WARN_UNUSED_FUNCTION = YES;
				GCC_WARN_UNUSED_VARIABLE = YES;
				IPHONEOS_DEPLOYMENT_TARGET = 11.4;
				MTL_ENABLE_DEBUG_INFO = YES;
				ONLY_ACTIVE_ARCH = YES;
				SDKROOT = iphoneos;
				SWIFT_ACTIVE_COMPILATION_CONDITIONS = DEBUG;
				SWIFT_OPTIMIZATION_LEVEL = "-Onone";
			};
			name = Debug;
		};
		83C7DFEE2140832600B17BA0 /* Release */ = {
			isa = XCBuildConfiguration;
			buildSettings = {
				ALWAYS_SEARCH_USER_PATHS = NO;
				CLANG_ANALYZER_NONNULL = YES;
				CLANG_ANALYZER_NUMBER_OBJECT_CONVERSION = YES_AGGRESSIVE;
				CLANG_CXX_LANGUAGE_STANDARD = "gnu++14";
				CLANG_CXX_LIBRARY = "libc++";
				CLANG_ENABLE_MODULES = YES;
				CLANG_ENABLE_OBJC_ARC = YES;
				CLANG_ENABLE_OBJC_WEAK = YES;
				CLANG_WARN_BLOCK_CAPTURE_AUTORELEASING = YES;
				CLANG_WARN_BOOL_CONVERSION = YES;
				CLANG_WARN_COMMA = YES;
				CLANG_WARN_CONSTANT_CONVERSION = YES;
				CLANG_WARN_DEPRECATED_OBJC_IMPLEMENTATIONS = YES;
				CLANG_WARN_DIRECT_OBJC_ISA_USAGE = YES_ERROR;
				CLANG_WARN_DOCUMENTATION_COMMENTS = YES;
				CLANG_WARN_EMPTY_BODY = YES;
				CLANG_WARN_ENUM_CONVERSION = YES;
				CLANG_WARN_INFINITE_RECURSION = YES;
				CLANG_WARN_INT_CONVERSION = YES;
				CLANG_WARN_NON_LITERAL_NULL_CONVERSION = YES;
				CLANG_WARN_OBJC_IMPLICIT_RETAIN_SELF = YES;
				CLANG_WARN_OBJC_LITERAL_CONVERSION = YES;
				CLANG_WARN_OBJC_ROOT_CLASS = YES_ERROR;
				CLANG_WARN_RANGE_LOOP_ANALYSIS = YES;
				CLANG_WARN_STRICT_PROTOTYPES = YES;
				CLANG_WARN_SUSPICIOUS_MOVE = YES;
				CLANG_WARN_UNGUARDED_AVAILABILITY = YES_AGGRESSIVE;
				CLANG_WARN_UNREACHABLE_CODE = YES;
				CLANG_WARN__DUPLICATE_METHOD_MATCH = YES;
				CODE_SIGN_IDENTITY = "iPhone Developer";
				COPY_PHASE_STRIP = NO;
				DEBUG_INFORMATION_FORMAT = "dwarf-with-dsym";
				ENABLE_NS_ASSERTIONS = NO;
				ENABLE_STRICT_OBJC_MSGSEND = YES;
				GCC_C_LANGUAGE_STANDARD = gnu11;
				GCC_NO_COMMON_BLOCKS = YES;
				GCC_WARN_64_TO_32_BIT_CONVERSION = YES;
				GCC_WARN_ABOUT_RETURN_TYPE = YES_ERROR;
				GCC_WARN_UNDECLARED_SELECTOR = YES;
				GCC_WARN_UNINITIALIZED_AUTOS = YES_AGGRESSIVE;
				GCC_WARN_UNUSED_FUNCTION = YES;
				GCC_WARN_UNUSED_VARIABLE = YES;
				IPHONEOS_DEPLOYMENT_TARGET = 11.4;
				MTL_ENABLE_DEBUG_INFO = NO;
				SDKROOT = iphoneos;
				SWIFT_COMPILATION_MODE = wholemodule;
				SWIFT_OPTIMIZATION_LEVEL = "-O";
				VALIDATE_PRODUCT = YES;
			};
			name = Release;
		};
		83C7DFF02140832600B17BA0 /* Debug */ = {
			isa = XCBuildConfiguration;
			buildSettings = {
				ASSETCATALOG_COMPILER_APPICON_NAME = AppIcon;
				CODE_SIGN_STYLE = Automatic;
				DEVELOPMENT_TEAM = 682Y7UP5X7;
				INFOPLIST_FILE = DoMe/Info.plist;
				LD_RUNPATH_SEARCH_PATHS = (
					"$(inherited)",
					"@executable_path/Frameworks",
				);
				PRODUCT_BUNDLE_IDENTIFIER = com.andycai.DoMe;
				PRODUCT_NAME = "$(TARGET_NAME)";
				SWIFT_VERSION = 4.0;
				TARGETED_DEVICE_FAMILY = "1,2";
			};
			name = Debug;
		};
		83C7DFF12140832600B17BA0 /* Release */ = {
			isa = XCBuildConfiguration;
			buildSettings = {
				ASSETCATALOG_COMPILER_APPICON_NAME = AppIcon;
				CODE_SIGN_STYLE = Automatic;
				DEVELOPMENT_TEAM = 682Y7UP5X7;
				INFOPLIST_FILE = DoMe/Info.plist;
				LD_RUNPATH_SEARCH_PATHS = (
					"$(inherited)",
					"@executable_path/Frameworks",
				);
				PRODUCT_BUNDLE_IDENTIFIER = com.andycai.DoMe;
				PRODUCT_NAME = "$(TARGET_NAME)";
				SWIFT_VERSION = 4.0;
				TARGETED_DEVICE_FAMILY = "1,2";
			};
			name = Release;
		};
/* End XCBuildConfiguration section */

/* Begin XCConfigurationList section */
		83C7DFD82140832500B17BA0 /* Build configuration list for PBXProject "DoMe" */ = {
			isa = XCConfigurationList;
			buildConfigurations = (
				83C7DFED2140832600B17BA0 /* Debug */,
				83C7DFEE2140832600B17BA0 /* Release */,
			);
			defaultConfigurationIsVisible = 0;
			defaultConfigurationName = Release;
		};
		83C7DFEF2140832600B17BA0 /* Build configuration list for PBXNativeTarget "DoMe" */ = {
			isa = XCConfigurationList;
			buildConfigurations = (
				83C7DFF02140832600B17BA0 /* Debug */,
				83C7DFF12140832600B17BA0 /* Release */,
			);
			defaultConfigurationIsVisible = 0;
			defaultConfigurationName = Release;
		};
/* End XCConfigurationList section */
	};
	rootObject = 83C7DFD52140832500B17BA0 /* Project object */;
}
